
Microsoft Visual Studio Solution File, Format Version 12.00
# Visual Studio Version 16
VisualStudioVersion = 16.0.31205.134
MinimumVisualStudioVersion = 10.0.40219.1
Project("{FAE04EC0-301F-11D3-BF4B-00C04F79EFBC}") = "UserIdentity", "UserIdentity.csproj", "{6861B2C7-DEE2-4E5D-8610-2E8988D6418B}"
EndProject
Global
	GlobalSection(SolutionConfigurationPlatforms) = preSolution
		Debug|Any CPU = Debug|Any CPU
		Release|Any CPU = Release|Any CPU
	EndGlobalSection
	GlobalSection(ProjectConfigurationPlatforms) = postSolution
		{6861B2C7-DEE2-4E5D-8610-2E8988D6418B}.Debug|Any CPU.ActiveCfg = Debug|Any CPU
		{6861B2C7-DEE2-4E5D-8610-2E8988D6418B}.Debug|Any CPU.Build.0 = Debug|Any CPU
		{6861B2C7-DEE2-4E5D-8610-2E8988D6418B}.Release|Any CPU.ActiveCfg = Release|Any CPU
		{6861B2C7-DEE2-4E5D-8610-2E8988D6418B}.Release|Any CPU.Build.0 = Release|Any CPU
	EndGlobalSection
	GlobalSection(SolutionProperties) = preSolution
		HideSolutionNode = FALSE
	EndGlobalSection
	GlobalSection(ExtensibilityGlobals) = postSolution
		SolutionGuid = {B20B035C-6DB2-44AA-AAC6-CE35186802D9}
	EndGlobalSection
EndGlobal
